// !$*UTF8*$!
{
	archiveVersion = 1;
	classes = {
	};
	objectVersion = 46;
	objects = {

/* Begin PBXBuildFile section */
		DA1140D917FDEB80003B7E48 /* Foundation.framework in Frameworks */ = {isa = PBXBuildFile; fileRef = DA1140D817FDEB80003B7E48 /* Foundation.framework */; };
		DA1140DB17FDEB80003B7E48 /* CoreGraphics.framework in Frameworks */ = {isa = PBXBuildFile; fileRef = DA1140DA17FDEB80003B7E48 /* CoreGraphics.framework */; };
		DA1140DD17FDEB80003B7E48 /* UIKit.framework in Frameworks */ = {isa = PBXBuildFile; fileRef = DA1140DC17FDEB80003B7E48 /* UIKit.framework */; };
		DA1140DF17FDEB80003B7E48 /* SpriteKit.framework in Frameworks */ = {isa = PBXBuildFile; fileRef = DA1140DE17FDEB80003B7E48 /* SpriteKit.framework */; };
		DA1140E517FDEB80003B7E48 /* InfoPlist.strings in Resources */ = {isa = PBXBuildFile; fileRef = DA1140E317FDEB80003B7E48 /* InfoPlist.strings */; };
		DA1140E717FDEB80003B7E48 /* main.m in Sources */ = {isa = PBXBuildFile; fileRef = DA1140E617FDEB80003B7E48 /* main.m */; };
		DA1140EB17FDEB80003B7E48 /* GMSAppDelegate.m in Sources */ = {isa = PBXBuildFile; fileRef = DA1140EA17FDEB80003B7E48 /* GMSAppDelegate.m */; };
		DA1140EE17FDEB80003B7E48 /* Main.storyboard in Resources */ = {isa = PBXBuildFile; fileRef = DA1140EC17FDEB80003B7E48 /* Main.storyboard */; };
		DA1140F117FDEB80003B7E48 /* GMSViewController.m in Sources */ = {isa = PBXBuildFile; fileRef = DA1140F017FDEB80003B7E48 /* GMSViewController.m */; };
		DA1140F417FDEB80003B7E48 /* GMSGameScene.m in Sources */ = {isa = PBXBuildFile; fileRef = DA1140F317FDEB80003B7E48 /* GMSGameScene.m */; };
		DA1140F817FDEB80003B7E48 /* Images.xcassets in Resources */ = {isa = PBXBuildFile; fileRef = DA1140F717FDEB80003B7E48 /* Images.xcassets */; };
		DA1140FF17FDEB80003B7E48 /* XCTest.framework in Frameworks */ = {isa = PBXBuildFile; fileRef = DA1140FE17FDEB80003B7E48 /* XCTest.framework */; };
		DA11410017FDEB80003B7E48 /* Foundation.framework in Frameworks */ = {isa = PBXBuildFile; fileRef = DA1140D817FDEB80003B7E48 /* Foundation.framework */; };
		DA11410117FDEB80003B7E48 /* UIKit.framework in Frameworks */ = {isa = PBXBuildFile; fileRef = DA1140DC17FDEB80003B7E48 /* UIKit.framework */; };
		DA11410917FDEB80003B7E48 /* InfoPlist.strings in Resources */ = {isa = PBXBuildFile; fileRef = DA11410717FDEB80003B7E48 /* InfoPlist.strings */; };
		DA11410B17FDEB80003B7E48 /* AirplaneBombTests.m in Sources */ = {isa = PBXBuildFile; fileRef = DA11410A17FDEB80003B7E48 /* AirplaneBombTests.m */; };
		DA11411717FDEE13003B7E48 /* GMSAppManager.m in Sources */ = {isa = PBXBuildFile; fileRef = DA11411617FDEE13003B7E48 /* GMSAppManager.m */; };
		DA11411917FDEEE5003B7E48 /* CoreMotion.framework in Frameworks */ = {isa = PBXBuildFile; fileRef = DA11411817FDEEE5003B7E48 /* CoreMotion.framework */; };
		DA11411D17FDF117003B7E48 /* trail.sks in Resources */ = {isa = PBXBuildFile; fileRef = DA11411B17FDF117003B7E48 /* trail.sks */; };
		DA328F40191D49F600A4F08A /* GMSGameOverScene.m in Sources */ = {isa = PBXBuildFile; fileRef = DA328F3F191D49F600A4F08A /* GMSGameOverScene.m */; };
		DA328F42191EF51D00A4F08A /* headliner.ttf in Resources */ = {isa = PBXBuildFile; fileRef = DA328F41191EF51D00A4F08A /* headliner.ttf */; };
		DA49E2EC17FE424C00E6B694 /* EXPLOSION.atlas in Resources */ = {isa = PBXBuildFile; fileRef = DA49E2EB17FE424C00E6B694 /* EXPLOSION.atlas */; };
		DA49E2EE17FE42FB00E6B694 /* Clouds.atlas in Resources */ = {isa = PBXBuildFile; fileRef = DA49E2ED17FE42FB00E6B694 /* Clouds.atlas */; };
		DA49E2F117FE468400E6B694 /* GMSMainMenuScene.m in Sources */ = {isa = PBXBuildFile; fileRef = DA49E2F017FE468400E6B694 /* GMSMainMenuScene.m */; };
		DA55C3011802FDBE00DB323B /* old_game.ttf in Resources */ = {isa = PBXBuildFile; fileRef = DA55C2FF1802FDBE00DB323B /* old_game.ttf */; };
		DA55C3021802FDBE00DB323B /* snes.ttf in Resources */ = {isa = PBXBuildFile; fileRef = DA55C3001802FDBE00DB323B /* snes.ttf */; };
		DAA08EF7180048F800A204F7 /* GMSBaseScene.m in Sources */ = {isa = PBXBuildFile; fileRef = DAA08EF6180048F800A204F7 /* GMSBaseScene.m */; };
		DAD468CC1803A0C5008BDFCB /* GMSMessageWindow.m in Sources */ = {isa = PBXBuildFile; fileRef = DAD468CB1803A0C5008BDFCB /* GMSMessageWindow.m */; };
		DAFAF7D817FDF1E0001B042A /* SMOKE TRAIL.png in Resources */ = {isa = PBXBuildFile; fileRef = DAFAF7D717FDF1E0001B042A /* SMOKE TRAIL.png */; };
/* End PBXBuildFile section */

/* Begin PBXContainerItemProxy section */
		DA11410217FDEB80003B7E48 /* PBXContainerItemProxy */ = {
			isa = PBXContainerItemProxy;
			containerPortal = DA1140CD17FDEB80003B7E48 /* Project object */;
			proxyType = 1;
			remoteGlobalIDString = DA1140D417FDEB80003B7E48;
			remoteInfo = AirplaneBomb;
		};
/* End PBXContainerItemProxy section */

/* Begin PBXFileReference section */
		DA1140D517FDEB80003B7E48 /* Flyboy, Go!.app */ = {isa = PBXFileReference; explicitFileType = wrapper.application; includeInIndex = 0; path = "Flyboy, Go!.app"; sourceTree = BUILT_PRODUCTS_DIR; };
		DA1140D817FDEB80003B7E48 /* Foundation.framework */ = {isa = PBXFileReference; lastKnownFileType = wrapper.framework; name = Foundation.framework; path = System/Library/Frameworks/Foundation.framework; sourceTree = SDKROOT; };
		DA1140DA17FDEB80003B7E48 /* CoreGraphics.framework */ = {isa = PBXFileReference; lastKnownFileType = wrapper.framework; name = CoreGraphics.framework; path = System/Library/Frameworks/CoreGraphics.framework; sourceTree = SDKROOT; };
		DA1140DC17FDEB80003B7E48 /* UIKit.framework */ = {isa = PBXFileReference; lastKnownFileType = wrapper.framework; name = UIKit.framework; path = System/Library/Frameworks/UIKit.framework; sourceTree = SDKROOT; };
		DA1140DE17FDEB80003B7E48 /* SpriteKit.framework */ = {isa = PBXFileReference; lastKnownFileType = wrapper.framework; name = SpriteKit.framework; path = System/Library/Frameworks/SpriteKit.framework; sourceTree = SDKROOT; };
		DA1140E217FDEB80003B7E48 /* AirplaneBomb-Info.plist */ = {isa = PBXFileReference; lastKnownFileType = text.plist.xml; path = "AirplaneBomb-Info.plist"; sourceTree = "<group>"; };
		DA1140E417FDEB80003B7E48 /* en */ = {isa = PBXFileReference; lastKnownFileType = text.plist.strings; name = en; path = en.lproj/InfoPlist.strings; sourceTree = "<group>"; };
		DA1140E617FDEB80003B7E48 /* main.m */ = {isa = PBXFileReference; lastKnownFileType = sourcecode.c.objc; path = main.m; sourceTree = "<group>"; };
		DA1140E817FDEB80003B7E48 /* AirplaneBomb-Prefix.pch */ = {isa = PBXFileReference; lastKnownFileType = sourcecode.c.h; path = "AirplaneBomb-Prefix.pch"; sourceTree = "<group>"; };
		DA1140E917FDEB80003B7E48 /* GMSAppDelegate.h */ = {isa = PBXFileReference; lastKnownFileType = sourcecode.c.h; path = GMSAppDelegate.h; sourceTree = "<group>"; };
		DA1140EA17FDEB80003B7E48 /* GMSAppDelegate.m */ = {isa = PBXFileReference; lastKnownFileType = sourcecode.c.objc; path = GMSAppDelegate.m; sourceTree = "<group>"; };
		DA1140ED17FDEB80003B7E48 /* Base */ = {isa = PBXFileReference; lastKnownFileType = file.storyboard; name = Base; path = Base.lproj/Main.storyboard; sourceTree = "<group>"; };
		DA1140EF17FDEB80003B7E48 /* GMSViewController.h */ = {isa = PBXFileReference; lastKnownFileType = sourcecode.c.h; path = GMSViewController.h; sourceTree = "<group>"; };
		DA1140F017FDEB80003B7E48 /* GMSViewController.m */ = {isa = PBXFileReference; lastKnownFileType = sourcecode.c.objc; path = GMSViewController.m; sourceTree = "<group>"; };
		DA1140F217FDEB80003B7E48 /* GMSGameScene.h */ = {isa = PBXFileReference; lastKnownFileType = sourcecode.c.h; path = GMSGameScene.h; sourceTree = "<group>"; };
		DA1140F317FDEB80003B7E48 /* GMSGameScene.m */ = {isa = PBXFileReference; lastKnownFileType = sourcecode.c.objc; path = GMSGameScene.m; sourceTree = "<group>"; };
		DA1140F717FDEB80003B7E48 /* Images.xcassets */ = {isa = PBXFileReference; lastKnownFileType = folder.assetcatalog; path = Images.xcassets; sourceTree = "<group>"; };
		DA1140FD17FDEB80003B7E48 /* AirplaneBombTests.xctest */ = {isa = PBXFileReference; explicitFileType = wrapper.cfbundle; includeInIndex = 0; path = AirplaneBombTests.xctest; sourceTree = BUILT_PRODUCTS_DIR; };
		DA1140FE17FDEB80003B7E48 /* XCTest.framework */ = {isa = PBXFileReference; lastKnownFileType = wrapper.framework; name = XCTest.framework; path = Library/Frameworks/XCTest.framework; sourceTree = DEVELOPER_DIR; };
		DA11410617FDEB80003B7E48 /* AirplaneBombTests-Info.plist */ = {isa = PBXFileReference; lastKnownFileType = text.plist.xml; path = "AirplaneBombTests-Info.plist"; sourceTree = "<group>"; };
		DA11410817FDEB80003B7E48 /* en */ = {isa = PBXFileReference; lastKnownFileType = text.plist.strings; name = en; path = en.lproj/InfoPlist.strings; sourceTree = "<group>"; };
		DA11410A17FDEB80003B7E48 /* AirplaneBombTests.m */ = {isa = PBXFileReference; lastKnownFileType = sourcecode.c.objc; path = AirplaneBombTests.m; sourceTree = "<group>"; };
		DA11411517FDEE13003B7E48 /* GMSAppManager.h */ = {isa = PBXFileReference; fileEncoding = 4; lastKnownFileType = sourcecode.c.h; path = GMSAppManager.h; sourceTree = "<group>"; };
		DA11411617FDEE13003B7E48 /* GMSAppManager.m */ = {isa = PBXFileReference; fileEncoding = 4; lastKnownFileType = sourcecode.c.objc; path = GMSAppManager.m; sourceTree = "<group>"; };
		DA11411817FDEEE5003B7E48 /* CoreMotion.framework */ = {isa = PBXFileReference; lastKnownFileType = wrapper.framework; name = CoreMotion.framework; path = System/Library/Frameworks/CoreMotion.framework; sourceTree = SDKROOT; };
		DA11411B17FDF117003B7E48 /* trail.sks */ = {isa = PBXFileReference; lastKnownFileType = file.sks; path = trail.sks; sourceTree = "<group>"; };
		DA328F3E191D49F600A4F08A /* GMSGameOverScene.h */ = {isa = PBXFileReference; fileEncoding = 4; lastKnownFileType = sourcecode.c.h; path = GMSGameOverScene.h; sourceTree = "<group>"; };
		DA328F3F191D49F600A4F08A /* GMSGameOverScene.m */ = {isa = PBXFileReference; fileEncoding = 4; lastKnownFileType = sourcecode.c.objc; path = GMSGameOverScene.m; sourceTree = "<group>"; };
		DA328F41191EF51D00A4F08A /* headliner.ttf */ = {isa = PBXFileReference; lastKnownFileType = file; path = headliner.ttf; sourceTree = "<group>"; };
		DA49E2EB17FE424C00E6B694 /* EXPLOSION.atlas */ = {isa = PBXFileReference; lastKnownFileType = folder.skatlas; path = EXPLOSION.atlas; sourceTree = "<group>"; };
		DA49E2ED17FE42FB00E6B694 /* Clouds.atlas */ = {isa = PBXFileReference; lastKnownFileType = folder.skatlas; path = Clouds.atlas; sourceTree = "<group>"; };
		DA49E2EF17FE468400E6B694 /* GMSMainMenuScene.h */ = {isa = PBXFileReference; fileEncoding = 4; lastKnownFileType = sourcecode.c.h; path = GMSMainMenuScene.h; sourceTree = "<group>"; };
		DA49E2F017FE468400E6B694 /* GMSMainMenuScene.m */ = {isa = PBXFileReference; fileEncoding = 4; lastKnownFileType = sourcecode.c.objc; path = GMSMainMenuScene.m; sourceTree = "<group>"; };
		DA55C2FF1802FDBE00DB323B /* old_game.ttf */ = {isa = PBXFileReference; lastKnownFileType = file; path = old_game.ttf; sourceTree = "<group>"; };
		DA55C3001802FDBE00DB323B /* snes.ttf */ = {isa = PBXFileReference; lastKnownFileType = file; path = snes.ttf; sourceTree = "<group>"; };
		DAA08EF5180048F800A204F7 /* GMSBaseScene.h */ = {isa = PBXFileReference; fileEncoding = 4; lastKnownFileType = sourcecode.c.h; path = GMSBaseScene.h; sourceTree = "<group>"; };
		DAA08EF6180048F800A204F7 /* GMSBaseScene.m */ = {isa = PBXFileReference; fileEncoding = 4; lastKnownFileType = sourcecode.c.objc; path = GMSBaseScene.m; sourceTree = "<group>"; };
		DAD468CA1803A0C5008BDFCB /* GMSMessageWindow.h */ = {isa = PBXFileReference; fileEncoding = 4; lastKnownFileType = sourcecode.c.h; path = GMSMessageWindow.h; sourceTree = "<group>"; };
		DAD468CB1803A0C5008BDFCB /* GMSMessageWindow.m */ = {isa = PBXFileReference; fileEncoding = 4; lastKnownFileType = sourcecode.c.objc; path = GMSMessageWindow.m; sourceTree = "<group>"; };
		DAFAF7D717FDF1E0001B042A /* SMOKE TRAIL.png */ = {isa = PBXFileReference; lastKnownFileType = image.png; path = "SMOKE TRAIL.png"; sourceTree = "<group>"; };
/* End PBXFileReference section */

/* Begin PBXFrameworksBuildPhase section */
		DA1140D217FDEB80003B7E48 /* Frameworks */ = {
			isa = PBXFrameworksBuildPhase;
			buildActionMask = 2147483647;
			files = (
				DA11411917FDEEE5003B7E48 /* CoreMotion.framework in Frameworks */,
				DA1140DB17FDEB80003B7E48 /* CoreGraphics.framework in Frameworks */,
				DA1140DD17FDEB80003B7E48 /* UIKit.framework in Frameworks */,
				DA1140DF17FDEB80003B7E48 /* SpriteKit.framework in Frameworks */,
				DA1140D917FDEB80003B7E48 /* Foundation.framework in Frameworks */,
			);
			runOnlyForDeploymentPostprocessing = 0;
		};
		DA1140FA17FDEB80003B7E48 /* Frameworks */ = {
			isa = PBXFrameworksBuildPhase;
			buildActionMask = 2147483647;
			files = (
				DA1140FF17FDEB80003B7E48 /* XCTest.framework in Frameworks */,
				DA11410117FDEB80003B7E48 /* UIKit.framework in Frameworks */,
				DA11410017FDEB80003B7E48 /* Foundation.framework in Frameworks */,
			);
			runOnlyForDeploymentPostprocessing = 0;
		};
/* End PBXFrameworksBuildPhase section */

/* Begin PBXGroup section */
		DA1140CC17FDEB80003B7E48 = {
			isa = PBXGroup;
			children = (
				DA1140E017FDEB80003B7E48 /* AirplaneBomb */,
				DA11410417FDEB80003B7E48 /* AirplaneBombTests */,
				DA1140D717FDEB80003B7E48 /* Frameworks */,
				DA1140D617FDEB80003B7E48 /* Products */,
			);
			sourceTree = "<group>";
		};
		DA1140D617FDEB80003B7E48 /* Products */ = {
			isa = PBXGroup;
			children = (
				DA1140D517FDEB80003B7E48 /* Flyboy, Go!.app */,
				DA1140FD17FDEB80003B7E48 /* AirplaneBombTests.xctest */,
			);
			name = Products;
			sourceTree = "<group>";
		};
		DA1140D717FDEB80003B7E48 /* Frameworks */ = {
			isa = PBXGroup;
			children = (
				DA11411817FDEEE5003B7E48 /* CoreMotion.framework */,
				DA1140D817FDEB80003B7E48 /* Foundation.framework */,
				DA1140DA17FDEB80003B7E48 /* CoreGraphics.framework */,
				DA1140DC17FDEB80003B7E48 /* UIKit.framework */,
				DA1140DE17FDEB80003B7E48 /* SpriteKit.framework */,
				DA1140FE17FDEB80003B7E48 /* XCTest.framework */,
			);
			name = Frameworks;
			sourceTree = "<group>";
		};
		DA1140E017FDEB80003B7E48 /* AirplaneBomb */ = {
			isa = PBXGroup;
			children = (
				DAD468C91803A0AD008BDFCB /* Message */,
				DA49E2F217FE469000E6B694 /* Scenes */,
				DA11411417FDEDFD003B7E48 /* Managers */,
				DA1140E917FDEB80003B7E48 /* GMSAppDelegate.h */,
				DA1140EA17FDEB80003B7E48 /* GMSAppDelegate.m */,
				DA1140EC17FDEB80003B7E48 /* Main.storyboard */,
				DA1140EF17FDEB80003B7E48 /* GMSViewController.h */,
				DA1140F017FDEB80003B7E48 /* GMSViewController.m */,
				DA1140F717FDEB80003B7E48 /* Images.xcassets */,
				DA1140E117FDEB80003B7E48 /* Supporting Files */,
				DA11411B17FDF117003B7E48 /* trail.sks */,
				DAFAF7D717FDF1E0001B042A /* SMOKE TRAIL.png */,
				DA55C2FF1802FDBE00DB323B /* old_game.ttf */,
				DA328F41191EF51D00A4F08A /* headliner.ttf */,
				DA55C3001802FDBE00DB323B /* snes.ttf */,
			);
			path = AirplaneBomb;
			sourceTree = "<group>";
		};
		DA1140E117FDEB80003B7E48 /* Supporting Files */ = {
			isa = PBXGroup;
			children = (
				DA49E2ED17FE42FB00E6B694 /* Clouds.atlas */,
				DA49E2EB17FE424C00E6B694 /* EXPLOSION.atlas */,
				DA1140E217FDEB80003B7E48 /* AirplaneBomb-Info.plist */,
				DA1140E317FDEB80003B7E48 /* InfoPlist.strings */,
				DA1140E617FDEB80003B7E48 /* main.m */,
				DA1140E817FDEB80003B7E48 /* AirplaneBomb-Prefix.pch */,
			);
			name = "Supporting Files";
			sourceTree = "<group>";
		};
		DA11410417FDEB80003B7E48 /* AirplaneBombTests */ = {
			isa = PBXGroup;
			children = (
				DA11410A17FDEB80003B7E48 /* AirplaneBombTests.m */,
				DA11410517FDEB80003B7E48 /* Supporting Files */,
			);
			path = AirplaneBombTests;
			sourceTree = "<group>";
		};
		DA11410517FDEB80003B7E48 /* Supporting Files */ = {
			isa = PBXGroup;
			children = (
				DA11410617FDEB80003B7E48 /* AirplaneBombTests-Info.plist */,
				DA11410717FDEB80003B7E48 /* InfoPlist.strings */,
			);
			name = "Supporting Files";
			sourceTree = "<group>";
		};
		DA11411417FDEDFD003B7E48 /* Managers */ = {
			isa = PBXGroup;
			children = (
				DA11411517FDEE13003B7E48 /* GMSAppManager.h */,
				DA11411617FDEE13003B7E48 /* GMSAppManager.m */,
			);
			name = Managers;
			sourceTree = "<group>";
		};
		DA49E2F217FE469000E6B694 /* Scenes */ = {
			isa = PBXGroup;
			children = (
				DA1140F217FDEB80003B7E48 /* GMSGameScene.h */,
				DA1140F317FDEB80003B7E48 /* GMSGameScene.m */,
				DA49E2EF17FE468400E6B694 /* GMSMainMenuScene.h */,
				DA49E2F017FE468400E6B694 /* GMSMainMenuScene.m */,
				DAA08EF5180048F800A204F7 /* GMSBaseScene.h */,
				DAA08EF6180048F800A204F7 /* GMSBaseScene.m */,
				DA328F3E191D49F600A4F08A /* GMSGameOverScene.h */,
				DA328F3F191D49F600A4F08A /* GMSGameOverScene.m */,
			);
			name = Scenes;
			sourceTree = "<group>";
		};
		DAD468C91803A0AD008BDFCB /* Message */ = {
			isa = PBXGroup;
			children = (
				DAD468CA1803A0C5008BDFCB /* GMSMessageWindow.h */,
				DAD468CB1803A0C5008BDFCB /* GMSMessageWindow.m */,
			);
			name = Message;
			sourceTree = "<group>";
		};
/* End PBXGroup section */

/* Begin PBXNativeTarget section */
		DA1140D417FDEB80003B7E48 /* AirplaneBomb */ = {
			isa = PBXNativeTarget;
			buildConfigurationList = DA11410E17FDEB80003B7E48 /* Build configuration list for PBXNativeTarget "AirplaneBomb" */;
			buildPhases = (
				DA1140D117FDEB80003B7E48 /* Sources */,
				DA1140D217FDEB80003B7E48 /* Frameworks */,
				DA1140D317FDEB80003B7E48 /* Resources */,
			);
			buildRules = (
			);
			dependencies = (
			);
			name = AirplaneBomb;
			productName = AirplaneBomb;
			productReference = DA1140D517FDEB80003B7E48 /* Flyboy, Go!.app */;
			productType = "com.apple.product-type.application";
		};
		DA1140FC17FDEB80003B7E48 /* AirplaneBombTests */ = {
			isa = PBXNativeTarget;
			buildConfigurationList = DA11411117FDEB80003B7E48 /* Build configuration list for PBXNativeTarget "AirplaneBombTests" */;
			buildPhases = (
				DA1140F917FDEB80003B7E48 /* Sources */,
				DA1140FA17FDEB80003B7E48 /* Frameworks */,
				DA1140FB17FDEB80003B7E48 /* Resources */,
			);
			buildRules = (
			);
			dependencies = (
				DA11410317FDEB80003B7E48 /* PBXTargetDependency */,
			);
			name = AirplaneBombTests;
			productName = AirplaneBombTests;
			productReference = DA1140FD17FDEB80003B7E48 /* AirplaneBombTests.xctest */;
			productType = "com.apple.product-type.bundle.unit-test";
		};
/* End PBXNativeTarget section */

/* Begin PBXProject section */
		DA1140CD17FDEB80003B7E48 /* Project object */ = {
			isa = PBXProject;
			attributes = {
				CLASSPREFIX = GMS;
				LastUpgradeCheck = 0510;
				ORGANIZATIONNAME = "Green Mailbox Studios";
				TargetAttributes = {
					DA1140D417FDEB80003B7E48 = {
						DevelopmentTeam = VC346ZAH77;
						ProvisioningStyle = Automatic;
						SystemCapabilities = {
							com.apple.GameCenter = {
								enabled = 0;
							};
						};
					};
					DA1140FC17FDEB80003B7E48 = {
						TestTargetID = DA1140D417FDEB80003B7E48;
					};
				};
			};
			buildConfigurationList = DA1140D017FDEB80003B7E48 /* Build configuration list for PBXProject "AirplaneBomb" */;
			compatibilityVersion = "Xcode 3.2";
			developmentRegion = English;
			hasScannedForEncodings = 0;
			knownRegions = (
				en,
				Base,
			);
			mainGroup = DA1140CC17FDEB80003B7E48;
			productRefGroup = DA1140D617FDEB80003B7E48 /* Products */;
			projectDirPath = "";
			projectRoot = "";
			targets = (
				DA1140D417FDEB80003B7E48 /* AirplaneBomb */,
				DA1140FC17FDEB80003B7E48 /* AirplaneBombTests */,
			);
		};
/* End PBXProject section */

/* Begin PBXResourcesBuildPhase section */
		DA1140D317FDEB80003B7E48 /* Resources */ = {
			isa = PBXResourcesBuildPhase;
			buildActionMask = 2147483647;
			files = (
				DA55C3011802FDBE00DB323B /* old_game.ttf in Resources */,
				DA11411D17FDF117003B7E48 /* trail.sks in Resources */,
				DA1140E517FDEB80003B7E48 /* InfoPlist.strings in Resources */,
				DA1140F817FDEB80003B7E48 /* Images.xcassets in Resources */,
				DA49E2EC17FE424C00E6B694 /* EXPLOSION.atlas in Resources */,
				DA1140EE17FDEB80003B7E48 /* Main.storyboard in Resources */,
				DA49E2EE17FE42FB00E6B694 /* Clouds.atlas in Resources */,
				DAFAF7D817FDF1E0001B042A /* SMOKE TRAIL.png in Resources */,
				DA55C3021802FDBE00DB323B /* snes.ttf in Resources */,
				DA328F42191EF51D00A4F08A /* headliner.ttf in Resources */,
			);
			runOnlyForDeploymentPostprocessing = 0;
		};
		DA1140FB17FDEB80003B7E48 /* Resources */ = {
			isa = PBXResourcesBuildPhase;
			buildActionMask = 2147483647;
			files = (
				DA11410917FDEB80003B7E48 /* InfoPlist.strings in Resources */,
			);
			runOnlyForDeploymentPostprocessing = 0;
		};
/* End PBXResourcesBuildPhase section */

/* Begin PBXSourcesBuildPhase section */
		DA1140D117FDEB80003B7E48 /* Sources */ = {
			isa = PBXSourcesBuildPhase;
			buildActionMask = 2147483647;
			files = (
				DA11411717FDEE13003B7E48 /* GMSAppManager.m in Sources */,
				DAD468CC1803A0C5008BDFCB /* GMSMessageWindow.m in Sources */,
				DA1140EB17FDEB80003B7E48 /* GMSAppDelegate.m in Sources */,
				DA49E2F117FE468400E6B694 /* GMSMainMenuScene.m in Sources */,
				DA328F40191D49F600A4F08A /* GMSGameOverScene.m in Sources */,
				DA1140F117FDEB80003B7E48 /* GMSViewController.m in Sources */,
				DAA08EF7180048F800A204F7 /* GMSBaseScene.m in Sources */,
				DA1140F417FDEB80003B7E48 /* GMSGameScene.m in Sources */,
				DA1140E717FDEB80003B7E48 /* main.m in Sources */,
			);
			runOnlyForDeploymentPostprocessing = 0;
		};
		DA1140F917FDEB80003B7E48 /* Sources */ = {
			isa = PBXSourcesBuildPhase;
			buildActionMask = 2147483647;
			files = (
				DA11410B17FDEB80003B7E48 /* AirplaneBombTests.m in Sources */,
			);
			runOnlyForDeploymentPostprocessing = 0;
		};
/* End PBXSourcesBuildPhase section */

/* Begin PBXTargetDependency section */
		DA11410317FDEB80003B7E48 /* PBXTargetDependency */ = {
			isa = PBXTargetDependency;
			target = DA1140D417FDEB80003B7E48 /* AirplaneBomb */;
			targetProxy = DA11410217FDEB80003B7E48 /* PBXContainerItemProxy */;
		};
/* End PBXTargetDependency section */

/* Begin PBXVariantGroup section */
		DA1140E317FDEB80003B7E48 /* InfoPlist.strings */ = {
			isa = PBXVariantGroup;
			children = (
				DA1140E417FDEB80003B7E48 /* en */,
			);
			name = InfoPlist.strings;
			sourceTree = "<group>";
		};
		DA1140EC17FDEB80003B7E48 /* Main.storyboard */ = {
			isa = PBXVariantGroup;
			children = (
				DA1140ED17FDEB80003B7E48 /* Base */,
			);
			name = Main.storyboard;
			sourceTree = "<group>";
		};
		DA11410717FDEB80003B7E48 /* InfoPlist.strings */ = {
			isa = PBXVariantGroup;
			children = (
				DA11410817FDEB80003B7E48 /* en */,
			);
			name = InfoPlist.strings;
			sourceTree = "<group>";
		};
/* End PBXVariantGroup section */

/* Begin XCBuildConfiguration section */
		DA11410C17FDEB80003B7E48 /* Debug */ = {
			isa = XCBuildConfiguration;
			buildSettings = {
				ALWAYS_SEARCH_USER_PATHS = NO;
				CLANG_CXX_LANGUAGE_STANDARD = "gnu++0x";
				CLANG_CXX_LIBRARY = "libc++";
				CLANG_ENABLE_MODULES = YES;
				CLANG_ENABLE_OBJC_ARC = YES;
				CLANG_WARN_BOOL_CONVERSION = YES;
				CLANG_WARN_CONSTANT_CONVERSION = YES;
				CLANG_WARN_DIRECT_OBJC_ISA_USAGE = YES_ERROR;
				CLANG_WARN_EMPTY_BODY = YES;
				CLANG_WARN_ENUM_CONVERSION = YES;
				CLANG_WARN_INT_CONVERSION = YES;
				CLANG_WARN_OBJC_ROOT_CLASS = YES_ERROR;
				CLANG_WARN__DUPLICATE_METHOD_MATCH = YES;
				"CODE_SIGN_IDENTITY[sdk=iphoneos*]" = "iPhone Developer";
				COPY_PHASE_STRIP = NO;
				GCC_C_LANGUAGE_STANDARD = gnu99;
				GCC_DYNAMIC_NO_PIC = NO;
				GCC_OPTIMIZATION_LEVEL = 0;
				GCC_PREPROCESSOR_DEFINITIONS = (
					"DEBUG=1",
					"$(inherited)",
				);
				GCC_SYMBOLS_PRIVATE_EXTERN = NO;
				GCC_WARN_64_TO_32_BIT_CONVERSION = YES;
				GCC_WARN_ABOUT_RETURN_TYPE = YES_ERROR;
				GCC_WARN_UNDECLARED_SELECTOR = YES;
				GCC_WARN_UNINITIALIZED_AUTOS = YES;
				GCC_WARN_UNUSED_FUNCTION = YES;
				GCC_WARN_UNUSED_VARIABLE = YES;
				IPHONEOS_DEPLOYMENT_TARGET = 7.0;
				ONLY_ACTIVE_ARCH = YES;
				SDKROOT = iphoneos;
				TARGETED_DEVICE_FAMILY = 2;
			};
			name = Debug;
		};
		DA11410D17FDEB80003B7E48 /* Release */ = {
			isa = XCBuildConfiguration;
			buildSettings = {
				ALWAYS_SEARCH_USER_PATHS = NO;
				CLANG_CXX_LANGUAGE_STANDARD = "gnu++0x";
				CLANG_CXX_LIBRARY = "libc++";
				CLANG_ENABLE_MODULES = YES;
				CLANG_ENABLE_OBJC_ARC = YES;
				CLANG_WARN_BOOL_CONVERSION = YES;
				CLANG_WARN_CONSTANT_CONVERSION = YES;
				CLANG_WARN_DIRECT_OBJC_ISA_USAGE = YES_ERROR;
				CLANG_WARN_EMPTY_BODY = YES;
				CLANG_WARN_ENUM_CONVERSION = YES;
				CLANG_WARN_INT_CONVERSION = YES;
				CLANG_WARN_OBJC_ROOT_CLASS = YES_ERROR;
				CLANG_WARN__DUPLICATE_METHOD_MATCH = YES;
				"CODE_SIGN_IDENTITY[sdk=iphoneos*]" = "iPhone Developer";
				COPY_PHASE_STRIP = YES;
				ENABLE_NS_ASSERTIONS = NO;
				GCC_C_LANGUAGE_STANDARD = gnu99;
				GCC_WARN_64_TO_32_BIT_CONVERSION = YES;
				GCC_WARN_ABOUT_RETURN_TYPE = YES_ERROR;
				GCC_WARN_UNDECLARED_SELECTOR = YES;
				GCC_WARN_UNINITIALIZED_AUTOS = YES;
				GCC_WARN_UNUSED_FUNCTION = YES;
				GCC_WARN_UNUSED_VARIABLE = YES;
				IPHONEOS_DEPLOYMENT_TARGET = 7.0;
				SDKROOT = iphoneos;
				TARGETED_DEVICE_FAMILY = 2;
				VALIDATE_PRODUCT = YES;
			};
			name = Release;
		};
		DA11410F17FDEB80003B7E48 /* Debug */ = {
			isa = XCBuildConfiguration;
			buildSettings = {
				ASSETCATALOG_COMPILER_APPICON_NAME = AppIcon;
				ASSETCATALOG_COMPILER_LAUNCHIMAGE_NAME = LaunchImage;
				CODE_SIGN_IDENTITY = "iPhone Developer";
				"CODE_SIGN_IDENTITY[sdk=iphoneos*]" = "iPhone Developer";
				DEVELOPMENT_TEAM = VC346ZAH77;
				GCC_PRECOMPILE_PREFIX_HEADER = YES;
				GCC_PREFIX_HEADER = "AirplaneBomb/AirplaneBomb-Prefix.pch";
				INFOPLIST_FILE = "AirplaneBomb/AirplaneBomb-Info.plist";
				IPHONEOS_DEPLOYMENT_TARGET = 8.0;
				PRODUCT_BUNDLE_IDENTIFIER = com.graphic.airfight.100;
				PRODUCT_NAME = "Flyboy, Go!";
				PROVISIONING_PROFILE = "";
				SPRITEKIT_TEXTURE_ATLAS_OUTPUT = YES;
				TARGETED_DEVICE_FAMILY = "1,2";
				WRAPPER_EXTENSION = app;
			};
			name = Debug;
		};
		DA11411017FDEB80003B7E48 /* Release */ = {
			isa = XCBuildConfiguration;
			buildSettings = {
				ASSETCATALOG_COMPILER_APPICON_NAME = AppIcon;
				ASSETCATALOG_COMPILER_LAUNCHIMAGE_NAME = LaunchImage;
				CODE_SIGN_IDENTITY = "iPhone Developer";
				"CODE_SIGN_IDENTITY[sdk=iphoneos*]" = "iPhone Developer";
				DEVELOPMENT_TEAM = VC346ZAH77;
				GCC_PRECOMPILE_PREFIX_HEADER = YES;
				GCC_PREFIX_HEADER = "AirplaneBomb/AirplaneBomb-Prefix.pch";
				INFOPLIST_FILE = "AirplaneBomb/AirplaneBomb-Info.plist";
				IPHONEOS_DEPLOYMENT_TARGET = 8.0;
				PRODUCT_BUNDLE_IDENTIFIER = com.graphic.airfight.100;
				PRODUCT_NAME = "Flyboy, Go!";
				PROVISIONING_PROFILE = "";
				SPRITEKIT_TEXTURE_ATLAS_OUTPUT = YES;
				TARGETED_DEVICE_FAMILY = "1,2";
				WRAPPER_EXTENSION = app;
			};
			name = Release;
		};
		DA11411217FDEB80003B7E48 /* Debug */ = {
			isa = XCBuildConfiguration;
			buildSettings = {
				BUNDLE_LOADER = "$(BUILT_PRODUCTS_DIR)/AirplaneBomb.app/AirplaneBomb";
				FRAMEWORK_SEARCH_PATHS = (
					"$(SDKROOT)/Developer/Library/Frameworks",
					"$(inherited)",
					"$(DEVELOPER_FRAMEWORKS_DIR)",
				);
				GCC_PRECOMPILE_PREFIX_HEADER = YES;
				GCC_PREFIX_HEADER = "AirplaneBomb/AirplaneBomb-Prefix.pch";
				GCC_PREPROCESSOR_DEFINITIONS = (
					"DEBUG=1",
					"$(inherited)",
				);
				INFOPLIST_FILE = "AirplaneBombTests/AirplaneBombTests-Info.plist";
				PRODUCT_NAME = "$(TARGET_NAME)";
				TEST_HOST = "$(BUNDLE_LOADER)";
				WRAPPER_EXTENSION = xctest;
			};
			name = Debug;
		};
		DA11411317FDEB80003B7E48 /* Release */ = {
			isa = XCBuildConfiguration;
			buildSettings = {
				BUNDLE_LOADER = "$(BUILT_PRODUCTS_DIR)/AirplaneBomb.app/AirplaneBomb";
				FRAMEWORK_SEARCH_PATHS = (
					"$(SDKROOT)/Developer/Library/Frameworks",
					"$(inherited)",
					"$(DEVELOPER_FRAMEWORKS_DIR)",
				);
				GCC_PRECOMPILE_PREFIX_HEADER = YES;
				GCC_PREFIX_HEADER = "AirplaneBomb/AirplaneBomb-Prefix.pch";
				INFOPLIST_FILE = "AirplaneBombTests/AirplaneBombTests-Info.plist";
				PRODUCT_NAME = "$(TARGET_NAME)";
				TEST_HOST = "$(BUNDLE_LOADER)";
				WRAPPER_EXTENSION = xctest;
			};
			name = Release;
		};
/* End XCBuildConfiguration section */

/* Begin XCConfigurationList section */
		DA1140D017FDEB80003B7E48 /* Build configuration list for PBXProject "AirplaneBomb" */ = {
			isa = XCConfigurationList;
			buildConfigurations = (
				DA11410C17FDEB80003B7E48 /* Debug */,
				DA11410D17FDEB80003B7E48 /* Release */,
			);
			defaultConfigurationIsVisible = 0;
			defaultConfigurationName = Release;
		};
		DA11410E17FDEB80003B7E48 /* Build configuration list for PBXNativeTarget "AirplaneBomb" */ = {
			isa = XCConfigurationList;
			buildConfigurations = (
				DA11410F17FDEB80003B7E48 /* Debug */,
				DA11411017FDEB80003B7E48 /* Release */,
			);
			defaultConfigurationIsVisible = 0;
			defaultConfigurationName = Release;
		};
		DA11411117FDEB80003B7E48 /* Build configuration list for PBXNativeTarget "AirplaneBombTests" */ = {
			isa = XCConfigurationList;
			buildConfigurations = (
				DA11411217FDEB80003B7E48 /* Debug */,
				DA11411317FDEB80003B7E48 /* Release */,
			);
			defaultConfigurationIsVisible = 0;
			defaultConfigurationName = Release;
		};
/* End XCConfigurationList section */
	};
	rootObject = DA1140CD17FDEB80003B7E48 /* Project object */;
}
